// !$*UTF8*$!
{
	archiveVersion = 1;
	classes = {
	};
	objectVersion = 46;
	objects = {

/* Begin PBXBuildFile section */
		DDB83A4317BD23380084187F /* MapBox.framework in Frameworks */ = {isa = PBXBuildFile; fileRef = DDB83A4217BD23380084187F /* MapBox.framework */; };
		DDB83A4517BD23880084187F /* CoreLocation.framework in Frameworks */ = {isa = PBXBuildFile; fileRef = DDB83A4417BD23880084187F /* CoreLocation.framework */; };
		DDB83A4717BD238E0084187F /* QuartzCore.framework in Frameworks */ = {isa = PBXBuildFile; fileRef = DDB83A4617BD238E0084187F /* QuartzCore.framework */; };
		DDB83A4917BD23930084187F /* libsqlite3.dylib in Frameworks */ = {isa = PBXBuildFile; fileRef = DDB83A4817BD23930084187F /* libsqlite3.dylib */; };
		DDB83A4B17BD23970084187F /* libz.dylib in Frameworks */ = {isa = PBXBuildFile; fileRef = DDB83A4A17BD23970084187F /* libz.dylib */; };
		DDB83A4D17BD23DF0084187F /* MapBox.bundle in Resources */ = {isa = PBXBuildFile; fileRef = DDB83A4C17BD23DF0084187F /* MapBox.bundle */; };
		DDDA2CD917BC477F00801B4A /* Foundation.framework in Frameworks */ = {isa = PBXBuildFile; fileRef = DDDA2CD817BC477F00801B4A /* Foundation.framework */; };
		DDDA2CDB17BC477F00801B4A /* CoreGraphics.framework in Frameworks */ = {isa = PBXBuildFile; fileRef = DDDA2CDA17BC477F00801B4A /* CoreGraphics.framework */; };
		DDDA2CDD17BC477F00801B4A /* UIKit.framework in Frameworks */ = {isa = PBXBuildFile; fileRef = DDDA2CDC17BC477F00801B4A /* UIKit.framework */; };
		DDDA2CE317BC477F00801B4A /* InfoPlist.strings in Resources */ = {isa = PBXBuildFile; fileRef = DDDA2CE117BC477F00801B4A /* InfoPlist.strings */; };
		DDDA2CE517BC477F00801B4A /* main.m in Sources */ = {isa = PBXBuildFile; fileRef = DDDA2CE417BC477F00801B4A /* main.m */; };
		DDDA2CE917BC477F00801B4A /* MBXAppDelegate.m in Sources */ = {isa = PBXBuildFile; fileRef = DDDA2CE817BC477F00801B4A /* MBXAppDelegate.m */; };
		DDDA2CF217BC477F00801B4A /* MBXViewController.m in Sources */ = {isa = PBXBuildFile; fileRef = DDDA2CF117BC477F00801B4A /* MBXViewController.m */; };
/* End PBXBuildFile section */

/* Begin PBXFileReference section */
		DDB83A4217BD23380084187F /* MapBox.framework */ = {isa = PBXFileReference; lastKnownFileType = wrapper.framework; path = MapBox.framework; sourceTree = "<group>"; };
		DDB83A4417BD23880084187F /* CoreLocation.framework */ = {isa = PBXFileReference; lastKnownFileType = wrapper.framework; name = CoreLocation.framework; path = System/Library/Frameworks/CoreLocation.framework; sourceTree = SDKROOT; };
		DDB83A4617BD238E0084187F /* QuartzCore.framework */ = {isa = PBXFileReference; lastKnownFileType = wrapper.framework; name = QuartzCore.framework; path = System/Library/Frameworks/QuartzCore.framework; sourceTree = SDKROOT; };
		DDB83A4817BD23930084187F /* libsqlite3.dylib */ = {isa = PBXFileReference; lastKnownFileType = "compiled.mach-o.dylib"; name = libsqlite3.dylib; path = usr/lib/libsqlite3.dylib; sourceTree = SDKROOT; };
		DDB83A4A17BD23970084187F /* libz.dylib */ = {isa = PBXFileReference; lastKnownFileType = "compiled.mach-o.dylib"; name = libz.dylib; path = usr/lib/libz.dylib; sourceTree = SDKROOT; };
		DDB83A4C17BD23DF0084187F /* MapBox.bundle */ = {isa = PBXFileReference; lastKnownFileType = "wrapper.plug-in"; name = MapBox.bundle; path = MapBox.framework/Versions/A/Resources/MapBox.bundle; sourceTree = SOURCE_ROOT; };
		DDDA2CD517BC477F00801B4A /* CocoaConf.app */ = {isa = PBXFileReference; explicitFileType = wrapper.application; includeInIndex = 0; path = CocoaConf.app; sourceTree = BUILT_PRODUCTS_DIR; };
		DDDA2CD817BC477F00801B4A /* Foundation.framework */ = {isa = PBXFileReference; lastKnownFileType = wrapper.framework; name = Foundation.framework; path = System/Library/Frameworks/Foundation.framework; sourceTree = SDKROOT; };
		DDDA2CDA17BC477F00801B4A /* CoreGraphics.framework */ = {isa = PBXFileReference; lastKnownFileType = wrapper.framework; name = CoreGraphics.framework; path = System/Library/Frameworks/CoreGraphics.framework; sourceTree = SDKROOT; };
		DDDA2CDC17BC477F00801B4A /* UIKit.framework */ = {isa = PBXFileReference; lastKnownFileType = wrapper.framework; name = UIKit.framework; path = System/Library/Frameworks/UIKit.framework; sourceTree = SDKROOT; };
		DDDA2CE017BC477F00801B4A /* CocoaConf-Info.plist */ = {isa = PBXFileReference; lastKnownFileType = text.plist.xml; path = "CocoaConf-Info.plist"; sourceTree = "<group>"; };
		DDDA2CE217BC477F00801B4A /* en */ = {isa = PBXFileReference; lastKnownFileType = text.plist.strings; name = en; path = en.lproj/InfoPlist.strings; sourceTree = "<group>"; };
		DDDA2CE417BC477F00801B4A /* main.m */ = {isa = PBXFileReference; lastKnownFileType = sourcecode.c.objc; path = main.m; sourceTree = "<group>"; };
		DDDA2CE617BC477F00801B4A /* CocoaConf-Prefix.pch */ = {isa = PBXFileReference; lastKnownFileType = sourcecode.c.h; path = "CocoaConf-Prefix.pch"; sourceTree = "<group>"; };
		DDDA2CE717BC477F00801B4A /* MBXAppDelegate.h */ = {isa = PBXFileReference; lastKnownFileType = sourcecode.c.h; path = MBXAppDelegate.h; sourceTree = "<group>"; };
		DDDA2CE817BC477F00801B4A /* MBXAppDelegate.m */ = {isa = PBXFileReference; lastKnownFileType = sourcecode.c.objc; path = MBXAppDelegate.m; sourceTree = "<group>"; };
		DDDA2CF017BC477F00801B4A /* MBXViewController.h */ = {isa = PBXFileReference; lastKnownFileType = sourcecode.c.h; path = MBXViewController.h; sourceTree = "<group>"; };
		DDDA2CF117BC477F00801B4A /* MBXViewController.m */ = {isa = PBXFileReference; lastKnownFileType = sourcecode.c.objc; path = MBXViewController.m; sourceTree = "<group>"; };
/* End PBXFileReference section */

/* Begin PBXFrameworksBuildPhase section */
		DDDA2CD217BC477F00801B4A /* Frameworks */ = {
			isa = PBXFrameworksBuildPhase;
			buildActionMask = 2147483647;
			files = (
				DDDA2CDB17BC477F00801B4A /* CoreGraphics.framework in Frameworks */,
				DDB83A4517BD23880084187F /* CoreLocation.framework in Frameworks */,
				DDDA2CD917BC477F00801B4A /* Foundation.framework in Frameworks */,
				DDB83A4317BD23380084187F /* MapBox.framework in Frameworks */,
				DDB83A4717BD238E0084187F /* QuartzCore.framework in Frameworks */,
				DDDA2CDD17BC477F00801B4A /* UIKit.framework in Frameworks */,
				DDB83A4917BD23930084187F /* libsqlite3.dylib in Frameworks */,
				DDB83A4B17BD23970084187F /* libz.dylib in Frameworks */,
			);
			runOnlyForDeploymentPostprocessing = 0;
		};
/* End PBXFrameworksBuildPhase section */

/* Begin PBXGroup section */
		DDDA2CCC17BC477F00801B4A = {
			isa = PBXGroup;
			children = (
				DDDA2CDE17BC477F00801B4A /* CocoaConf */,
				DDDA2CD717BC477F00801B4A /* Frameworks */,
				DDDA2CD617BC477F00801B4A /* Products */,
			);
			sourceTree = "<group>";
		};
		DDDA2CD617BC477F00801B4A /* Products */ = {
			isa = PBXGroup;
			children = (
				DDDA2CD517BC477F00801B4A /* CocoaConf.app */,
			);
			name = Products;
			sourceTree = "<group>";
		};
		DDDA2CD717BC477F00801B4A /* Frameworks */ = {
			isa = PBXGroup;
			children = (
				DDDA2CDA17BC477F00801B4A /* CoreGraphics.framework */,
				DDB83A4417BD23880084187F /* CoreLocation.framework */,
				DDDA2CD817BC477F00801B4A /* Foundation.framework */,
				DDB83A4217BD23380084187F /* MapBox.framework */,
				DDB83A4617BD238E0084187F /* QuartzCore.framework */,
				DDDA2CDC17BC477F00801B4A /* UIKit.framework */,
				DDB83A4817BD23930084187F /* libsqlite3.dylib */,
				DDB83A4A17BD23970084187F /* libz.dylib */,
			);
			name = Frameworks;
			sourceTree = "<group>";
		};
		DDDA2CDE17BC477F00801B4A /* CocoaConf */ = {
			isa = PBXGroup;
			children = (
				DDDA2CE717BC477F00801B4A /* MBXAppDelegate.h */,
				DDDA2CE817BC477F00801B4A /* MBXAppDelegate.m */,
				DDDA2CF017BC477F00801B4A /* MBXViewController.h */,
				DDDA2CF117BC477F00801B4A /* MBXViewController.m */,
				DDB83A4C17BD23DF0084187F /* MapBox.bundle */,
				DDDA2CDF17BC477F00801B4A /* Supporting Files */,
			);
			path = CocoaConf;
			sourceTree = "<group>";
		};
		DDDA2CDF17BC477F00801B4A /* Supporting Files */ = {
			isa = PBXGroup;
			children = (
				DDDA2CE017BC477F00801B4A /* CocoaConf-Info.plist */,
				DDDA2CE117BC477F00801B4A /* InfoPlist.strings */,
				DDDA2CE417BC477F00801B4A /* main.m */,
				DDDA2CE617BC477F00801B4A /* CocoaConf-Prefix.pch */,
			);
			name = "Supporting Files";
			sourceTree = "<group>";
		};
/* End PBXGroup section */

/* Begin PBXNativeTarget section */
		DDDA2CD417BC477F00801B4A /* CocoaConf */ = {
			isa = PBXNativeTarget;
			buildConfigurationList = DDDA2D0A17BC478000801B4A /* Build configuration list for PBXNativeTarget "CocoaConf" */;
			buildPhases = (
				DDDA2CD117BC477F00801B4A /* Sources */,
				DDDA2CD217BC477F00801B4A /* Frameworks */,
				DDDA2CD317BC477F00801B4A /* Resources */,
			);
			buildRules = (
			);
			dependencies = (
			);
			name = CocoaConf;
			productName = CocoaConf;
			productReference = DDDA2CD517BC477F00801B4A /* CocoaConf.app */;
			productType = "com.apple.product-type.application";
		};
/* End PBXNativeTarget section */

/* Begin PBXProject section */
		DDDA2CCD17BC477F00801B4A /* Project object */ = {
			isa = PBXProject;
			attributes = {
				CLASSPREFIX = MBX;
				LastUpgradeCheck = 0500;
				ORGANIZATIONNAME = MapBox;
				TargetAttributes = {
					DDDA2CD417BC477F00801B4A = {
						DevelopmentTeam = 4QJUGA28YU;
						SystemCapabilities = {
							com.apple.iOS = {
								enabled = 0;
							};
						};
					};
				};
			};
			buildConfigurationList = DDDA2CD017BC477F00801B4A /* Build configuration list for PBXProject "CocoaConf" */;
			compatibilityVersion = "Xcode 3.2";
			developmentRegion = English;
			hasScannedForEncodings = 0;
			knownRegions = (
				en,
				Base,
			);
			mainGroup = DDDA2CCC17BC477F00801B4A;
			productRefGroup = DDDA2CD617BC477F00801B4A /* Products */;
			projectDirPath = "";
			projectRoot = "";
			targets = (
				DDDA2CD417BC477F00801B4A /* CocoaConf */,
			);
		};
/* End PBXProject section */

/* Begin PBXResourcesBuildPhase section */
		DDDA2CD317BC477F00801B4A /* Resources */ = {
			isa = PBXResourcesBuildPhase;
			buildActionMask = 2147483647;
			files = (
				DDDA2CE317BC477F00801B4A /* InfoPlist.strings in Resources */,
				DDB83A4D17BD23DF0084187F /* MapBox.bundle in Resources */,
			);
			runOnlyForDeploymentPostprocessing = 0;
		};
/* End PBXResourcesBuildPhase section */

/* Begin PBXSourcesBuildPhase section */
		DDDA2CD117BC477F00801B4A /* Sources */ = {
			isa = PBXSourcesBuildPhase;
			buildActionMask = 2147483647;
			files = (
				DDDA2CE917BC477F00801B4A /* MBXAppDelegate.m in Sources */,
				DDDA2CF217BC477F00801B4A /* MBXViewController.m in Sources */,
				DDDA2CE517BC477F00801B4A /* main.m in Sources */,
			);
			runOnlyForDeploymentPostprocessing = 0;
		};
/* End PBXSourcesBuildPhase section */

/* Begin PBXVariantGroup section */
		DDDA2CE117BC477F00801B4A /* InfoPlist.strings */ = {
			isa = PBXVariantGroup;
			children = (
				DDDA2CE217BC477F00801B4A /* en */,
			);
			name = InfoPlist.strings;
			sourceTree = "<group>";
		};
/* End PBXVariantGroup section */

/* Begin XCBuildConfiguration section */
		DDDA2D0817BC478000801B4A /* Debug */ = {
			isa = XCBuildConfiguration;
			buildSettings = {
				ALWAYS_SEARCH_USER_PATHS = NO;
				CLANG_CXX_LANGUAGE_STANDARD = "gnu++0x";
				CLANG_CXX_LIBRARY = "libc++";
				CLANG_ENABLE_MODULES = YES;
				CLANG_ENABLE_OBJC_ARC = YES;
				CLANG_WARN_BOOL_CONVERSION = YES;
				CLANG_WARN_CONSTANT_CONVERSION = YES;
				CLANG_WARN_DIRECT_OBJC_ISA_USAGE = YES_ERROR;
				CLANG_WARN_EMPTY_BODY = YES;
				CLANG_WARN_ENUM_CONVERSION = YES;
				CLANG_WARN_INT_CONVERSION = YES;
				CLANG_WARN_OBJC_ROOT_CLASS = YES_ERROR;
				CLANG_WARN__DUPLICATE_METHOD_MATCH = YES;
				"CODE_SIGN_IDENTITY[sdk=iphoneos*]" = "iPhone Developer";
				COPY_PHASE_STRIP = NO;
				GCC_C_LANGUAGE_STANDARD = gnu99;
				GCC_DYNAMIC_NO_PIC = NO;
				GCC_OPTIMIZATION_LEVEL = 0;
				GCC_PREPROCESSOR_DEFINITIONS = (
					"DEBUG=1",
					"$(inherited)",
				);
				GCC_SYMBOLS_PRIVATE_EXTERN = NO;
				GCC_WARN_ABOUT_RETURN_TYPE = YES_ERROR;
				GCC_WARN_UNDECLARED_SELECTOR = YES;
				GCC_WARN_UNINITIALIZED_AUTOS = YES;
				GCC_WARN_UNUSED_FUNCTION = YES;
				GCC_WARN_UNUSED_VARIABLE = YES;
				IPHONEOS_DEPLOYMENT_TARGET = 6.1;
				ONLY_ACTIVE_ARCH = YES;
				SDKROOT = iphoneos;
				TARGETED_DEVICE_FAMILY = "1,2";
			};
			name = Debug;
		};
		DDDA2D0917BC478000801B4A /* Release */ = {
			isa = XCBuildConfiguration;
			buildSettings = {
				ALWAYS_SEARCH_USER_PATHS = NO;
				CLANG_CXX_LANGUAGE_STANDARD = "gnu++0x";
				CLANG_CXX_LIBRARY = "libc++";
				CLANG_ENABLE_MODULES = YES;
				CLANG_ENABLE_OBJC_ARC = YES;
				CLANG_WARN_BOOL_CONVERSION = YES;
				CLANG_WARN_CONSTANT_CONVERSION = YES;
				CLANG_WARN_DIRECT_OBJC_ISA_USAGE = YES_ERROR;
				CLANG_WARN_EMPTY_BODY = YES;
				CLANG_WARN_ENUM_CONVERSION = YES;
				CLANG_WARN_INT_CONVERSION = YES;
				CLANG_WARN_OBJC_ROOT_CLASS = YES_ERROR;
				CLANG_WARN__DUPLICATE_METHOD_MATCH = YES;
				"CODE_SIGN_IDENTITY[sdk=iphoneos*]" = "iPhone Developer";
				COPY_PHASE_STRIP = YES;
				ENABLE_NS_ASSERTIONS = NO;
				GCC_C_LANGUAGE_STANDARD = gnu99;
				GCC_WARN_ABOUT_RETURN_TYPE = YES_ERROR;
				GCC_WARN_UNDECLARED_SELECTOR = YES;
				GCC_WARN_UNINITIALIZED_AUTOS = YES;
				GCC_WARN_UNUSED_FUNCTION = YES;
				GCC_WARN_UNUSED_VARIABLE = YES;
				IPHONEOS_DEPLOYMENT_TARGET = 6.1;
				SDKROOT = iphoneos;
				TARGETED_DEVICE_FAMILY = "1,2";
				VALIDATE_PRODUCT = YES;
			};
			name = Release;
		};
		DDDA2D0B17BC478000801B4A /* Debug */ = {
			isa = XCBuildConfiguration;
			buildSettings = {
				ASSETCATALOG_COMPILER_APPICON_NAME = AppIcon;
				ASSETCATALOG_COMPILER_LAUNCHIMAGE_NAME = LaunchImage;
				CODE_SIGN_IDENTITY = "iPhone Developer";
				"CODE_SIGN_IDENTITY[sdk=iphoneos*]" = "iPhone Developer";
				FRAMEWORK_SEARCH_PATHS = (
					"$(inherited)",
					/Users/incanus/Desktop/CocoaConf,
				);
				GCC_PRECOMPILE_PREFIX_HEADER = YES;
				GCC_PREFIX_HEADER = "CocoaConf/CocoaConf-Prefix.pch";
				INFOPLIST_FILE = "CocoaConf/CocoaConf-Info.plist";
				OTHER_LDFLAGS = "-ObjC";
				PRODUCT_NAME = "$(TARGET_NAME)";
				PROVISIONING_PROFILE = "";
				WRAPPER_EXTENSION = app;
			};
			name = Debug;
		};
		DDDA2D0C17BC478000801B4A /* Release */ = {
			isa = XCBuildConfiguration;
			buildSettings = {
				ASSETCATALOG_COMPILER_APPICON_NAME = AppIcon;
				ASSETCATALOG_COMPILER_LAUNCHIMAGE_NAME = LaunchImage;
				CODE_SIGN_IDENTITY = "iPhone Developer";
				"CODE_SIGN_IDENTITY[sdk=iphoneos*]" = "iPhone Developer";
				FRAMEWORK_SEARCH_PATHS = (
					"$(inherited)",
					/Users/incanus/Desktop/CocoaConf,
				);
				GCC_PRECOMPILE_PREFIX_HEADER = YES;
				GCC_PREFIX_HEADER = "CocoaConf/CocoaConf-Prefix.pch";
				INFOPLIST_FILE = "CocoaConf/CocoaConf-Info.plist";
				OTHER_LDFLAGS = "-ObjC";
				PRODUCT_NAME = "$(TARGET_NAME)";
				PROVISIONING_PROFILE = "";
				WRAPPER_EXTENSION = app;
			};
			name = Release;
		};
/* End XCBuildConfiguration section */

/* Begin XCConfigurationList section */
		DDDA2CD017BC477F00801B4A /* Build configuration list for PBXProject "CocoaConf" */ = {
			isa = XCConfigurationList;
			buildConfigurations = (
				DDDA2D0817BC478000801B4A /* Debug */,
				DDDA2D0917BC478000801B4A /* Release */,
			);
			defaultConfigurationIsVisible = 0;
			defaultConfigurationName = Release;
		};
		DDDA2D0A17BC478000801B4A /* Build configuration list for PBXNativeTarget "CocoaConf" */ = {
			isa = XCConfigurationList;
			buildConfigurations = (
				DDDA2D0B17BC478000801B4A /* Debug */,
				DDDA2D0C17BC478000801B4A /* Release */,
			);
			defaultConfigurationIsVisible = 0;
			defaultConfigurationName = Release;
		};
/* End XCConfigurationList section */
	};
	rootObject = DDDA2CCD17BC477F00801B4A /* Project object */;
}
